
Microsoft Visual Studio Solution File, Format Version 12.00
# Visual Studio 15
VisualStudioVersion = 15.0.26430.15
MinimumVisualStudioVersion = 10.0.40219.1
Project("{FAE04EC0-301F-11D3-BF4B-00C04F79EFBC}") = "Forca", "Forca\Forca.csproj", "{512747CA-361D-4E56-94B7-0ACF9C259F80}"
EndProject
Project("{2150E333-8FDC-42A3-9474-1A3956D46DE8}") = "Resources", "Resources", "{76CE19C5-A0C0-4D1D-B861-C77461EBDAA9}"
	ProjectSection(SolutionItems) = preProject
		Palavras.xml = Palavras.xml
	EndProjectSection
EndProject
Global
	GlobalSection(SolutionConfigurationPlatforms) = preSolution
		Debug|Any CPU = Debug|Any CPU
		Release|Any CPU = Release|Any CPU
	EndGlobalSection
	GlobalSection(ProjectConfigurationPlatforms) = postSolution
		{512747CA-361D-4E56-94B7-0ACF9C259F80}.Debug|Any CPU.ActiveCfg = Debug|Any CPU
		{512747CA-361D-4E56-94B7-0ACF9C259F80}.Debug|Any CPU.Build.0 = Debug|Any CPU
		{512747CA-361D-4E56-94B7-0ACF9C259F80}.Release|Any CPU.ActiveCfg = Release|Any CPU
		{512747CA-361D-4E56-94B7-0ACF9C259F80}.Release|Any CPU.Build.0 = Release|Any CPU
	EndGlobalSection
	GlobalSection(SolutionProperties) = preSolution
		HideSolutionNode = FALSE
	EndGlobalSection
EndGlobal
